<?xml version="1.0" encoding="utf-8"?>
<Project ToolsVersion="4.0" xmlns="http://schemas.microsoft.com/developer/msbuild/2003">
  <ItemGroup>
    <Filter Include="Source Files">
      <UniqueIdentifier>{4FC737F1-C7A5-4376-A066-2A32D752A2FF}</UniqueIdentifier>
      <Extensions>cpp;c;cc;cxx;def;odl;idl;hpj;bat;asm;asmx</Extensions>
    </Filter>
    <Filter Include="Header Files">
      <UniqueIdentifier>{93995380-89BD-4b04-88EB-625FBE52EBFB}</UniqueIdentifier>
      <Extensions>h;hh;hpp;hxx;hm;inl;inc;xsd</Extensions>
    </Filter>
    <Filter Include="Resource Files">
      <UniqueIdentifier>{67DA6AB6-F800-4c08-8B7A-83BB121AAD01}</UniqueIdentifier>
      <Extensions>qrc;rc;ico;cur;bmp;dlg;rc2;rct;bin;rgs;gif;jpg;jpeg;jpe;resx;tiff;tif;png;wav;mfcribbon-ms</Extensions>
    </Filter>
    <Filter Include="Form Files">
      <UniqueIdentifier>{99349809-55BA-4b9d-BF79-8FDBB0286EB3}</UniqueIdentifier>
      <Extensions>ui</Extensions>
    </Filter>
    <Filter Include="Resource Files\image">
      <UniqueIdentifier>{f2ebc243-ab81-4ef9-aefc-2a4a156275be}</UniqueIdentifier>
    </Filter>
  </ItemGroup>
  <ItemGroup>
    <QtRcc Include="videoplay.qrc">
      <Filter>Resource Files</Filter>
    </QtRcc>
    <QtUic Include="videoplay.ui">
      <Filter>Form Files</Filter>
    </QtUic>
    <QtMoc Include="videoplay.h">
      <Filter>Header Files</Filter>
    </QtMoc>
    <ClCompile Include="videoplay.cpp">
      <Filter>Source Files</Filter>
    </ClCompile>
  </ItemGroup>
  <ItemGroup>
    <ClCompile Include="main.cpp">
      <Filter>Source Files</Filter>
    </ClCompile>
    <ClCompile Include="topwid.cpp">
      <Filter>Source Files</Filter>
    </ClCompile>
    <ClCompile Include="loginwid.cpp">
      <Filter>Source Files</Filter>
    </ClCompile>
    <ClCompile Include="leftwid.cpp">
      <Filter>Source Files</Filter>
    </ClCompile>
    <ClCompile Include="mainwid.cpp">
      <Filter>Source Files</Filter>
    </ClCompile>
    <ClCompile Include="playwid.cpp">
      <Filter>Source Files</Filter>
    </ClCompile>
    <ClCompile Include="user.cpp">
      <Filter>Source Files</Filter>
    </ClCompile>
    <ClCompile Include="regiswid.cpp">
      <Filter>Source Files</Filter>
    </ClCompile>
  </ItemGroup>
  <ItemGroup>
    <QtMoc Include="topwid.h">
      <Filter>Header Files</Filter>
    </QtMoc>
    <QtMoc Include="loginwid.h">
      <Filter>Header Files</Filter>
    </QtMoc>
    <QtMoc Include="leftwid.h">
      <Filter>Header Files</Filter>
    </QtMoc>
    <QtMoc Include="mainwid.h">
      <Filter>Header Files</Filter>
    </QtMoc>
    <QtMoc Include="playwid.h">
      <Filter>Header Files</Filter>
    </QtMoc>
    <QtMoc Include="regiswid.h">
      <Filter>Header Files</Filter>
    </QtMoc>
  </ItemGroup>
  <ItemGroup>
    <QtUic Include="topwid.ui">
      <Filter>Form Files</Filter>
    </QtUic>
    <QtUic Include="loginwid.ui">
      <Filter>Form Files</Filter>
    </QtUic>
    <QtUic Include="leftwid.ui">
      <Filter>Form Files</Filter>
    </QtUic>
    <QtUic Include="mainwid.ui">
      <Filter>Form Files</Filter>
    </QtUic>
    <QtUic Include="playwid.ui">
      <Filter>Form Files</Filter>
    </QtUic>
    <QtUic Include="regiswid.ui">
      <Filter>Form Files</Filter>
    </QtUic>
  </ItemGroup>
  <ItemGroup>
    <ClInclude Include="user.h">
      <Filter>Header Files</Filter>
    </ClInclude>
  </ItemGroup>
  <ItemGroup>
    <Image Include="image\05-16.png">
      <Filter>Resource Files\image</Filter>
    </Image>
    <Image Include="image\05-19.png">
      <Filter>Resource Files\image</Filter>
    </Image>
    <Image Include="image\05-22.png">
      <Filter>Resource Files\image</Filter>
    </Image>
  </ItemGroup>
</Project>