
Microsoft Visual Studio Solution File, Format Version 12.00
# Visual Studio Version 16
VisualStudioVersion = 16.0.31229.75
MinimumVisualStudioVersion = 10.0.40219.1
Project("{8BC9CEB8-8B4A-11D0-8D11-00A0C91BC942}") = "videoplay", "videoplay.vcxproj", "{7B462E65-A4EC-42FC-94AE-5D0BA7EFA3A3}"
EndProject
Global
	GlobalSection(SolutionConfigurationPlatforms) = preSolution
		Release|x64 = Release|x64
	EndGlobalSection
	GlobalSection(ProjectConfigurationPlatforms) = postSolution
		{7B462E65-A4EC-42FC-94AE-5D0BA7EFA3A3}.Release|x64.ActiveCfg = Release|x64
		{7B462E65-A4EC-42FC-94AE-5D0BA7EFA3A3}.Release|x64.Build.0 = Release|x64
	EndGlobalSection
	GlobalSection(SolutionProperties) = preSolution
		HideSolutionNode = FALSE
	EndGlobalSection
	GlobalSection(ExtensibilityGlobals) = postSolution
		SolutionGuid = {0ACE275F-3EEA-4304-BFF9-1F0C26864FCD}
	EndGlobalSection
EndGlobal
